// !$*UTF8*$!
{
	archiveVersion = 1;
	classes = {
	};
	objectVersion = 51;
	objects = {

/* Begin PBXBuildFile section */
		2CD24A88891F518C450AD525 /* Pods_MinervaCatalog.framework in Frameworks */ = {isa = PBXBuildFile; fileRef = 19665C6027FF5E560AE8A1ED /* Pods_MinervaCatalog.framework */; };
		DE77357D255AD9480022B1B2 /* SettingsVC.swift in Sources */ = {isa = PBXBuildFile; fileRef = DE77357C255AD9480022B1B2 /* SettingsVC.swift */; };
		DE9A583D24172E1400E2C81E /* UserListCellModel.swift in Sources */ = {isa = PBXBuildFile; fileRef = DE9A583C24172E1400E2C81E /* UserListCellModel.swift */; };
		DE9A583F24172F4000E2C81E /* WorkoutCellModel.swift in Sources */ = {isa = PBXBuildFile; fileRef = DE9A583E24172F4000E2C81E /* WorkoutCellModel.swift */; };
		DEFE3604255CFB56000CA31A /* WorkoutSplitCoordinator.swift in Sources */ = {isa = PBXBuildFile; fileRef = DEFE3603255CFB56000CA31A /* WorkoutSplitCoordinator.swift */; };
		DEFE361B255D1E9F000CA31A /* WorkoutDetailsCoordinator.swift in Sources */ = {isa = PBXBuildFile; fileRef = DEFE361A255D1E9F000CA31A /* WorkoutDetailsCoordinator.swift */; };
		DEFE361F255D1EAE000CA31A /* WorkoutDetailsPresenter.swift in Sources */ = {isa = PBXBuildFile; fileRef = DEFE361E255D1EAE000CA31A /* WorkoutDetailsPresenter.swift */; };
		DEFE3628255D494B000CA31A /* DefaultSplitDetailCoordinator.swift in Sources */ = {isa = PBXBuildFile; fileRef = DEFE3627255D494B000CA31A /* DefaultSplitDetailCoordinator.swift */; };
		DEFE362E255D4954000CA31A /* DefaultSplitDetailPresenter.swift in Sources */ = {isa = PBXBuildFile; fileRef = DEFE362D255D4954000CA31A /* DefaultSplitDetailPresenter.swift */; };
		F501F891233BE77200012C5E /* MainCoordinator.swift in Sources */ = {isa = PBXBuildFile; fileRef = F501F890233BE77200012C5E /* MainCoordinator.swift */; };
		F501F893233BF47700012C5E /* SignInCoordinator.swift in Sources */ = {isa = PBXBuildFile; fileRef = F501F892233BF47700012C5E /* SignInCoordinator.swift */; };
		F501F898233C016F00012C5E /* SettingsCoordinator.swift in Sources */ = {isa = PBXBuildFile; fileRef = F501F897233C016F00012C5E /* SettingsCoordinator.swift */; };
		F501F89A233C05E500012C5E /* UserListCoordinator.swift in Sources */ = {isa = PBXBuildFile; fileRef = F501F899233C05E500012C5E /* UserListCoordinator.swift */; };
		F501F89C233C0A7C00012C5E /* WorkoutCoordinator.swift in Sources */ = {isa = PBXBuildFile; fileRef = F501F89B233C0A7C00012C5E /* WorkoutCoordinator.swift */; };
		F501F89E233C0E5900012C5E /* FilterCoordinator.swift in Sources */ = {isa = PBXBuildFile; fileRef = F501F89D233C0E5900012C5E /* FilterCoordinator.swift */; };
		F53A9F7A239E874C0004C462 /* CatalogAppDelegate.swift in Sources */ = {isa = PBXBuildFile; fileRef = F53A9F79239E874C0004C462 /* CatalogAppDelegate.swift */; };
		F53A9F7E239E874C0004C462 /* CatalogCoordinator.swift in Sources */ = {isa = PBXBuildFile; fileRef = F53A9F7D239E874C0004C462 /* CatalogCoordinator.swift */; };
		F53A9F83239E874D0004C462 /* Assets.xcassets in Resources */ = {isa = PBXBuildFile; fileRef = F53A9F82239E874D0004C462 /* Assets.xcassets */; };
		F53A9F86239E874D0004C462 /* LaunchScreen.storyboard in Resources */ = {isa = PBXBuildFile; fileRef = F53A9F84239E874D0004C462 /* LaunchScreen.storyboard */; };
		F53A9F94239E8B300004C462 /* CatalogPresenter.swift in Sources */ = {isa = PBXBuildFile; fileRef = F53A9F93239E8B300004C462 /* CatalogPresenter.swift */; };
		F5587D1322502B10004223E5 /* AppDelegate.swift in Sources */ = {isa = PBXBuildFile; fileRef = F5587D1222502B10004223E5 /* AppDelegate.swift */; };
		F5587D1A22502B11004223E5 /* Assets.xcassets in Resources */ = {isa = PBXBuildFile; fileRef = F5587D1922502B11004223E5 /* Assets.xcassets */; };
		F5587D1D22502B11004223E5 /* LaunchScreen.storyboard in Resources */ = {isa = PBXBuildFile; fileRef = F5587D1B22502B11004223E5 /* LaunchScreen.storyboard */; };
		F562CF392354894D00402122 /* SwiftUITextCell.swift in Sources */ = {isa = PBXBuildFile; fileRef = F562CF382354894D00402122 /* SwiftUITextCell.swift */; };
		F576F86A226DEE4C0015D14E /* LifecycleCoordinator.swift in Sources */ = {isa = PBXBuildFile; fileRef = F576F869226DEE4C0015D14E /* LifecycleCoordinator.swift */; };
		F576F86C226DEE740015D14E /* UserCoordinator.swift in Sources */ = {isa = PBXBuildFile; fileRef = F576F86B226DEE740015D14E /* UserCoordinator.swift */; };
		F576F872226DEFA90015D14E /* TestUserManager.swift in Sources */ = {isa = PBXBuildFile; fileRef = F576F86E226DEFA90015D14E /* TestUserManager.swift */; };
		F576F875226DEFA90015D14E /* TestDataManager.swift in Sources */ = {isa = PBXBuildFile; fileRef = F576F86F226DEFA90015D14E /* TestDataManager.swift */; };
		F576F878226DEFA90015D14E /* TestDataManagerFactory.swift in Sources */ = {isa = PBXBuildFile; fileRef = F576F870226DEFA90015D14E /* TestDataManagerFactory.swift */; };
		F576F87B226DEFA90015D14E /* TestData.swift in Sources */ = {isa = PBXBuildFile; fileRef = F576F871226DEFA90015D14E /* TestData.swift */; };
		F576F897226DF0050015D14E /* UserRole.pb.swift in Sources */ = {isa = PBXBuildFile; fileRef = F576F880226DF0050015D14E /* UserRole.pb.swift */; };
		F576F89A226DF0050015D14E /* Workout.pb.swift in Sources */ = {isa = PBXBuildFile; fileRef = F576F881226DF0050015D14E /* Workout.pb.swift */; };
		F576F89D226DF0050015D14E /* UserCredentials.pb.swift in Sources */ = {isa = PBXBuildFile; fileRef = F576F882226DF0050015D14E /* UserCredentials.pb.swift */; };
		F576F8A0226DF0050015D14E /* User.pb.swift in Sources */ = {isa = PBXBuildFile; fileRef = F576F883226DF0050015D14E /* User.pb.swift */; };
		F576F8A3226DF0050015D14E /* UserAuthorization.pb.swift in Sources */ = {isa = PBXBuildFile; fileRef = F576F884226DF0050015D14E /* UserAuthorization.pb.swift */; };
		F576F8A6226DF0050015D14E /* WorkoutFilter.pb.swift in Sources */ = {isa = PBXBuildFile; fileRef = F576F885226DF0050015D14E /* WorkoutFilter.pb.swift */; };
		F576F8BB226DF0050015D14E /* UserRole.swift in Sources */ = {isa = PBXBuildFile; fileRef = F576F88E226DF0050015D14E /* UserRole.swift */; };
		F576F8BE226DF0050015D14E /* Workout.swift in Sources */ = {isa = PBXBuildFile; fileRef = F576F88F226DF0050015D14E /* Workout.swift */; };
		F576F8C1226DF0050015D14E /* User.swift in Sources */ = {isa = PBXBuildFile; fileRef = F576F890226DF0050015D14E /* User.swift */; };
		F576F8C4226DF0050015D14E /* UserCredentials.swift in Sources */ = {isa = PBXBuildFile; fileRef = F576F891226DF0050015D14E /* UserCredentials.swift */; };
		F576F8C7226DF0050015D14E /* WorkoutFilter.swift in Sources */ = {isa = PBXBuildFile; fileRef = F576F892226DF0050015D14E /* WorkoutFilter.swift */; };
		F576F8CA226DF0050015D14E /* UserAuthorization.swift in Sources */ = {isa = PBXBuildFile; fileRef = F576F893226DF0050015D14E /* UserAuthorization.swift */; };
		F576F8CD226DF0050015D14E /* FoundationExtensions.swift in Sources */ = {isa = PBXBuildFile; fileRef = F576F895226DF0050015D14E /* FoundationExtensions.swift */; };
		F576F8D0226DF0050015D14E /* ProtoExtensions.swift in Sources */ = {isa = PBXBuildFile; fileRef = F576F896226DF0050015D14E /* ProtoExtensions.swift */; };
		F576F8DB226DF04F0015D14E /* DataManager.swift in Sources */ = {isa = PBXBuildFile; fileRef = F576F8D4226DF04F0015D14E /* DataManager.swift */; };
		F576F8DE226DF04F0015D14E /* SystemError.swift in Sources */ = {isa = PBXBuildFile; fileRef = F576F8D5226DF04F0015D14E /* SystemError.swift */; };
		F576F8E1226DF04F0015D14E /* UserManager.swift in Sources */ = {isa = PBXBuildFile; fileRef = F576F8D6226DF04F0015D14E /* UserManager.swift */; };
		F576F8EA226DF04F0015D14E /* DataManagerFactory.swift in Sources */ = {isa = PBXBuildFile; fileRef = F576F8D9226DF04F0015D14E /* DataManagerFactory.swift */; };
		F576F8F4226DF0B50015D14E /* WelcomeCoordinator.swift in Sources */ = {isa = PBXBuildFile; fileRef = F576F8F1226DF0B40015D14E /* WelcomeCoordinator.swift */; };
		F576F8F7226DF0B50015D14E /* WelcomePresenter.swift in Sources */ = {isa = PBXBuildFile; fileRef = F576F8F2226DF0B40015D14E /* WelcomePresenter.swift */; };
		F576F8FA226DF0B50015D14E /* SignInPresenter.swift in Sources */ = {isa = PBXBuildFile; fileRef = F576F8F3226DF0B40015D14E /* SignInPresenter.swift */; };
		F576F8FF226DF1020015D14E /* UIKitExtensions.swift in Sources */ = {isa = PBXBuildFile; fileRef = F576F8FE226DF1020015D14E /* UIKitExtensions.swift */; };
		F576F905226E165E0015D14E /* FilterPresenter.swift in Sources */ = {isa = PBXBuildFile; fileRef = F576F903226E165E0015D14E /* FilterPresenter.swift */; };
		F576F908226E165E0015D14E /* UpdateFilterPresenter.swift in Sources */ = {isa = PBXBuildFile; fileRef = F576F904226E165E0015D14E /* UpdateFilterPresenter.swift */; };
		F576F924226E16820015D14E /* WorkoutVC.swift in Sources */ = {isa = PBXBuildFile; fileRef = F576F912226E16820015D14E /* WorkoutVC.swift */; };
		F576F927226E16820015D14E /* WorkoutPresenter.swift in Sources */ = {isa = PBXBuildFile; fileRef = F576F913226E16820015D14E /* WorkoutPresenter.swift */; };
		F576F92A226E16820015D14E /* EditWorkoutPresenter.swift in Sources */ = {isa = PBXBuildFile; fileRef = F576F914226E16820015D14E /* EditWorkoutPresenter.swift */; };
		F576F92F226E168B0015D14E /* SettingsPresenter.swift in Sources */ = {isa = PBXBuildFile; fileRef = F576F92E226E168B0015D14E /* SettingsPresenter.swift */; };
		F576F97D226E16970015D14E /* Asset.swift in Sources */ = {isa = PBXBuildFile; fileRef = F576F947226E16970015D14E /* Asset.swift */; };
		F576F980226E16970015D14E /* LoadingHUD.swift in Sources */ = {isa = PBXBuildFile; fileRef = F576F948226E16970015D14E /* LoadingHUD.swift */; };
		F576F98C226E16BB0015D14E /* UserVC.swift in Sources */ = {isa = PBXBuildFile; fileRef = F576F987226E16BB0015D14E /* UserVC.swift */; };
		F576F98F226E16BB0015D14E /* UserListPresenter.swift in Sources */ = {isa = PBXBuildFile; fileRef = F576F988226E16BB0015D14E /* UserListPresenter.swift */; };
		F576F992226E16BB0015D14E /* UserListVC.swift in Sources */ = {isa = PBXBuildFile; fileRef = F576F989226E16BB0015D14E /* UserListVC.swift */; };
		F576F995226E16BB0015D14E /* UpdateUserPresenter.swift in Sources */ = {isa = PBXBuildFile; fileRef = F576F98A226E16BB0015D14E /* UpdateUserPresenter.swift */; };
		F576F998226E16BB0015D14E /* CreateUserPresenter.swift in Sources */ = {isa = PBXBuildFile; fileRef = F576F98B226E16BB0015D14E /* CreateUserPresenter.swift */; };
		F5A44B7D23BC3F5900B4AE9C /* ConvenienceCellModels.swift in Sources */ = {isa = PBXBuildFile; fileRef = F5C9F3A023A97BB6009C6B85 /* ConvenienceCellModels.swift */; };
		F5AF642F235DE7980042F342 /* DataManager+Combine.swift in Sources */ = {isa = PBXBuildFile; fileRef = F5AF642E235DE7980042F342 /* DataManager+Combine.swift */; };
		F5C908252343C5CD0038BD89 /* CreateUserCoordinator.swift in Sources */ = {isa = PBXBuildFile; fileRef = F5C908242343C5CD0038BD89 /* CreateUserCoordinator.swift */; };
		F5C908292343C6960038BD89 /* UpdateFilterCoordinator.swift in Sources */ = {isa = PBXBuildFile; fileRef = F5C908282343C6960038BD89 /* UpdateFilterCoordinator.swift */; };
		F5C9082B2343C6B20038BD89 /* UpdateUserCoordinator.swift in Sources */ = {isa = PBXBuildFile; fileRef = F5C9082A2343C6B20038BD89 /* UpdateUserCoordinator.swift */; };
		F5C9082D2343C6DA0038BD89 /* EditWorkoutCoordinator.swift in Sources */ = {isa = PBXBuildFile; fileRef = F5C9082C2343C6DA0038BD89 /* EditWorkoutCoordinator.swift */; };
		F5C9083E2343E9A00038BD89 /* WorkoutRepository.swift in Sources */ = {isa = PBXBuildFile; fileRef = F5C9083D2343E9A00038BD89 /* WorkoutRepository.swift */; };
		F5C9F39F23A97A9D009C6B85 /* FilterCellModel.swift in Sources */ = {isa = PBXBuildFile; fileRef = F5C9F39E23A97A9D009C6B85 /* FilterCellModel.swift */; };
		F5C9F3A123A97BB6009C6B85 /* ConvenienceCellModels.swift in Sources */ = {isa = PBXBuildFile; fileRef = F5C9F3A023A97BB6009C6B85 /* ConvenienceCellModels.swift */; };
		F5CE47BD233E402400983F72 /* DataManager+RxSwift.swift in Sources */ = {isa = PBXBuildFile; fileRef = F5CE47BC233E402400983F72 /* DataManager+RxSwift.swift */; };
		F5CE47C6233E561C00983F72 /* UserListRepository.swift in Sources */ = {isa = PBXBuildFile; fileRef = F5CE47C5233E561C00983F72 /* UserListRepository.swift */; };
		FAE1C12F0BBEF7A411BA9969 /* Pods_MinervaExample.framework in Frameworks */ = {isa = PBXBuildFile; fileRef = 642117C1B9BA88B6D453F767 /* Pods_MinervaExample.framework */; };
/* End PBXBuildFile section */

/* Begin PBXCopyFilesBuildPhase section */
		F53A9F90239E87880004C462 /* Embed Frameworks */ = {
			isa = PBXCopyFilesBuildPhase;
			buildActionMask = 2147483647;
			dstPath = "";
			dstSubfolderSpec = 10;
			files = (
			);
			name = "Embed Frameworks";
			runOnlyForDeploymentPostprocessing = 0;
		};
		F5587D5122502BF3004223E5 /* Embed Frameworks */ = {
			isa = PBXCopyFilesBuildPhase;
			buildActionMask = 2147483647;
			dstPath = "";
			dstSubfolderSpec = 10;
			files = (
			);
			name = "Embed Frameworks";
			runOnlyForDeploymentPostprocessing = 0;
		};
/* End PBXCopyFilesBuildPhase section */

/* Begin PBXFileReference section */
		19665C6027FF5E560AE8A1ED /* Pods_MinervaCatalog.framework */ = {isa = PBXFileReference; explicitFileType = wrapper.framework; includeInIndex = 0; path = Pods_MinervaCatalog.framework; sourceTree = BUILT_PRODUCTS_DIR; };
		642117C1B9BA88B6D453F767 /* Pods_MinervaExample.framework */ = {isa = PBXFileReference; explicitFileType = wrapper.framework; includeInIndex = 0; path = Pods_MinervaExample.framework; sourceTree = BUILT_PRODUCTS_DIR; };
		8DE86EE781C6ABD14C6802AB /* Pods-MinervaExample.release.xcconfig */ = {isa = PBXFileReference; includeInIndex = 1; lastKnownFileType = text.xcconfig; name = "Pods-MinervaExample.release.xcconfig"; path = "Target Support Files/Pods-MinervaExample/Pods-MinervaExample.release.xcconfig"; sourceTree = "<group>"; };
		93E0189BE68B730696599716 /* Pods-MinervaExample.debug.xcconfig */ = {isa = PBXFileReference; includeInIndex = 1; lastKnownFileType = text.xcconfig; name = "Pods-MinervaExample.debug.xcconfig"; path = "Target Support Files/Pods-MinervaExample/Pods-MinervaExample.debug.xcconfig"; sourceTree = "<group>"; };
		B52C03260EDFDC3D1A05F307 /* Pods-MinervaCatalog.debug.xcconfig */ = {isa = PBXFileReference; includeInIndex = 1; lastKnownFileType = text.xcconfig; name = "Pods-MinervaCatalog.debug.xcconfig"; path = "Target Support Files/Pods-MinervaCatalog/Pods-MinervaCatalog.debug.xcconfig"; sourceTree = "<group>"; };
		BF373880490EA10DD3EC8F46 /* Pods-MinervaCatalog.release.xcconfig */ = {isa = PBXFileReference; includeInIndex = 1; lastKnownFileType = text.xcconfig; name = "Pods-MinervaCatalog.release.xcconfig"; path = "Target Support Files/Pods-MinervaCatalog/Pods-MinervaCatalog.release.xcconfig"; sourceTree = "<group>"; };
		DE77357C255AD9480022B1B2 /* SettingsVC.swift */ = {isa = PBXFileReference; fileEncoding = 4; lastKnownFileType = sourcecode.swift; path = SettingsVC.swift; sourceTree = "<group>"; };
		DE9A583C24172E1400E2C81E /* UserListCellModel.swift */ = {isa = PBXFileReference; lastKnownFileType = sourcecode.swift; path = UserListCellModel.swift; sourceTree = "<group>"; };
		DE9A583E24172F4000E2C81E /* WorkoutCellModel.swift */ = {isa = PBXFileReference; lastKnownFileType = sourcecode.swift; path = WorkoutCellModel.swift; sourceTree = "<group>"; };
		DEFE3603255CFB56000CA31A /* WorkoutSplitCoordinator.swift */ = {isa = PBXFileReference; lastKnownFileType = sourcecode.swift; path = WorkoutSplitCoordinator.swift; sourceTree = "<group>"; };
		DEFE361A255D1E9F000CA31A /* WorkoutDetailsCoordinator.swift */ = {isa = PBXFileReference; lastKnownFileType = sourcecode.swift; path = WorkoutDetailsCoordinator.swift; sourceTree = "<group>"; };
		DEFE361E255D1EAE000CA31A /* WorkoutDetailsPresenter.swift */ = {isa = PBXFileReference; lastKnownFileType = sourcecode.swift; path = WorkoutDetailsPresenter.swift; sourceTree = "<group>"; };
		DEFE3627255D494B000CA31A /* DefaultSplitDetailCoordinator.swift */ = {isa = PBXFileReference; lastKnownFileType = sourcecode.swift; path = DefaultSplitDetailCoordinator.swift; sourceTree = "<group>"; };
		DEFE362D255D4954000CA31A /* DefaultSplitDetailPresenter.swift */ = {isa = PBXFileReference; lastKnownFileType = sourcecode.swift; path = DefaultSplitDetailPresenter.swift; sourceTree = "<group>"; };
		F501F890233BE77200012C5E /* MainCoordinator.swift */ = {isa = PBXFileReference; lastKnownFileType = sourcecode.swift; path = MainCoordinator.swift; sourceTree = "<group>"; };
		F501F892233BF47700012C5E /* SignInCoordinator.swift */ = {isa = PBXFileReference; lastKnownFileType = sourcecode.swift; path = SignInCoordinator.swift; sourceTree = "<group>"; };
		F501F897233C016F00012C5E /* SettingsCoordinator.swift */ = {isa = PBXFileReference; lastKnownFileType = sourcecode.swift; path = SettingsCoordinator.swift; sourceTree = "<group>"; };
		F501F899233C05E500012C5E /* UserListCoordinator.swift */ = {isa = PBXFileReference; lastKnownFileType = sourcecode.swift; path = UserListCoordinator.swift; sourceTree = "<group>"; };
		F501F89B233C0A7C00012C5E /* WorkoutCoordinator.swift */ = {isa = PBXFileReference; lastKnownFileType = sourcecode.swift; path = WorkoutCoordinator.swift; sourceTree = "<group>"; };
		F501F89D233C0E5900012C5E /* FilterCoordinator.swift */ = {isa = PBXFileReference; lastKnownFileType = sourcecode.swift; path = FilterCoordinator.swift; sourceTree = "<group>"; };
		F53A9F77239E874C0004C462 /* MinervaCatalog.app */ = {isa = PBXFileReference; explicitFileType = wrapper.application; includeInIndex = 0; path = MinervaCatalog.app; sourceTree = BUILT_PRODUCTS_DIR; };
		F53A9F79239E874C0004C462 /* CatalogAppDelegate.swift */ = {isa = PBXFileReference; lastKnownFileType = sourcecode.swift; path = CatalogAppDelegate.swift; sourceTree = "<group>"; };
		F53A9F7D239E874C0004C462 /* CatalogCoordinator.swift */ = {isa = PBXFileReference; lastKnownFileType = sourcecode.swift; path = CatalogCoordinator.swift; sourceTree = "<group>"; };
		F53A9F82239E874D0004C462 /* Assets.xcassets */ = {isa = PBXFileReference; lastKnownFileType = folder.assetcatalog; path = Assets.xcassets; sourceTree = "<group>"; };
		F53A9F85239E874D0004C462 /* Base */ = {isa = PBXFileReference; lastKnownFileType = file.storyboard; name = Base; path = Base.lproj/LaunchScreen.storyboard; sourceTree = "<group>"; };
		F53A9F87239E874D0004C462 /* Info.plist */ = {isa = PBXFileReference; lastKnownFileType = text.plist.xml; path = Info.plist; sourceTree = "<group>"; };
		F53A9F8B239E87660004C462 /* MinervaCatalog.entitlements */ = {isa = PBXFileReference; lastKnownFileType = text.plist.entitlements; path = MinervaCatalog.entitlements; sourceTree = "<group>"; };
		F53A9F93239E8B300004C462 /* CatalogPresenter.swift */ = {isa = PBXFileReference; lastKnownFileType = sourcecode.swift; path = CatalogPresenter.swift; sourceTree = "<group>"; };
		F53D0B6A2378F0780051A063 /* MinervaExample.entitlements */ = {isa = PBXFileReference; lastKnownFileType = text.plist.entitlements; path = MinervaExample.entitlements; sourceTree = "<group>"; };
		F5587D0F22502B10004223E5 /* MinervaExample.app */ = {isa = PBXFileReference; explicitFileType = wrapper.application; includeInIndex = 0; path = MinervaExample.app; sourceTree = BUILT_PRODUCTS_DIR; };
		F5587D1222502B10004223E5 /* AppDelegate.swift */ = {isa = PBXFileReference; lastKnownFileType = sourcecode.swift; path = AppDelegate.swift; sourceTree = "<group>"; };
		F5587D1922502B11004223E5 /* Assets.xcassets */ = {isa = PBXFileReference; lastKnownFileType = folder.assetcatalog; path = Assets.xcassets; sourceTree = "<group>"; };
		F5587D1C22502B11004223E5 /* Base */ = {isa = PBXFileReference; lastKnownFileType = file.storyboard; name = Base; path = Base.lproj/LaunchScreen.storyboard; sourceTree = "<group>"; };
		F5587D1E22502B11004223E5 /* Info.plist */ = {isa = PBXFileReference; lastKnownFileType = text.plist.xml; path = Info.plist; sourceTree = "<group>"; };
		F562CF382354894D00402122 /* SwiftUITextCell.swift */ = {isa = PBXFileReference; lastKnownFileType = sourcecode.swift; path = SwiftUITextCell.swift; sourceTree = "<group>"; };
		F576F869226DEE4C0015D14E /* LifecycleCoordinator.swift */ = {isa = PBXFileReference; lastKnownFileType = sourcecode.swift; path = LifecycleCoordinator.swift; sourceTree = "<group>"; };
		F576F86B226DEE740015D14E /* UserCoordinator.swift */ = {isa = PBXFileReference; lastKnownFileType = sourcecode.swift; path = UserCoordinator.swift; sourceTree = "<group>"; };
		F576F86E226DEFA90015D14E /* TestUserManager.swift */ = {isa = PBXFileReference; fileEncoding = 4; lastKnownFileType = sourcecode.swift; path = TestUserManager.swift; sourceTree = "<group>"; };
		F576F86F226DEFA90015D14E /* TestDataManager.swift */ = {isa = PBXFileReference; fileEncoding = 4; lastKnownFileType = sourcecode.swift; path = TestDataManager.swift; sourceTree = "<group>"; };
		F576F870226DEFA90015D14E /* TestDataManagerFactory.swift */ = {isa = PBXFileReference; fileEncoding = 4; lastKnownFileType = sourcecode.swift; path = TestDataManagerFactory.swift; sourceTree = "<group>"; };
		F576F871226DEFA90015D14E /* TestData.swift */ = {isa = PBXFileReference; fileEncoding = 4; lastKnownFileType = sourcecode.swift; path = TestData.swift; sourceTree = "<group>"; };
		F576F880226DF0050015D14E /* UserRole.pb.swift */ = {isa = PBXFileReference; fileEncoding = 4; lastKnownFileType = sourcecode.swift; path = UserRole.pb.swift; sourceTree = "<group>"; };
		F576F881226DF0050015D14E /* Workout.pb.swift */ = {isa = PBXFileReference; fileEncoding = 4; lastKnownFileType = sourcecode.swift; path = Workout.pb.swift; sourceTree = "<group>"; };
		F576F882226DF0050015D14E /* UserCredentials.pb.swift */ = {isa = PBXFileReference; fileEncoding = 4; lastKnownFileType = sourcecode.swift; path = UserCredentials.pb.swift; sourceTree = "<group>"; };
		F576F883226DF0050015D14E /* User.pb.swift */ = {isa = PBXFileReference; fileEncoding = 4; lastKnownFileType = sourcecode.swift; path = User.pb.swift; sourceTree = "<group>"; };
		F576F884226DF0050015D14E /* UserAuthorization.pb.swift */ = {isa = PBXFileReference; fileEncoding = 4; lastKnownFileType = sourcecode.swift; path = UserAuthorization.pb.swift; sourceTree = "<group>"; };
		F576F885226DF0050015D14E /* WorkoutFilter.pb.swift */ = {isa = PBXFileReference; fileEncoding = 4; lastKnownFileType = sourcecode.swift; path = WorkoutFilter.pb.swift; sourceTree = "<group>"; };
		F576F887226DF0050015D14E /* UserCredentials.proto */ = {isa = PBXFileReference; fileEncoding = 4; lastKnownFileType = sourcecode.protobuf; path = UserCredentials.proto; sourceTree = "<group>"; };
		F576F888226DF0050015D14E /* UserAuthorization.proto */ = {isa = PBXFileReference; fileEncoding = 4; lastKnownFileType = sourcecode.protobuf; path = UserAuthorization.proto; sourceTree = "<group>"; };
		F576F889226DF0050015D14E /* UserRole.proto */ = {isa = PBXFileReference; fileEncoding = 4; lastKnownFileType = sourcecode.protobuf; path = UserRole.proto; sourceTree = "<group>"; };
		F576F88A226DF0050015D14E /* WorkoutFilter.proto */ = {isa = PBXFileReference; fileEncoding = 4; lastKnownFileType = sourcecode.protobuf; path = WorkoutFilter.proto; sourceTree = "<group>"; };
		F576F88B226DF0050015D14E /* Workout.proto */ = {isa = PBXFileReference; fileEncoding = 4; lastKnownFileType = sourcecode.protobuf; path = Workout.proto; sourceTree = "<group>"; };
		F576F88C226DF0050015D14E /* User.proto */ = {isa = PBXFileReference; fileEncoding = 4; lastKnownFileType = sourcecode.protobuf; path = User.proto; sourceTree = "<group>"; };
		F576F88E226DF0050015D14E /* UserRole.swift */ = {isa = PBXFileReference; fileEncoding = 4; lastKnownFileType = sourcecode.swift; path = UserRole.swift; sourceTree = "<group>"; };
		F576F88F226DF0050015D14E /* Workout.swift */ = {isa = PBXFileReference; fileEncoding = 4; lastKnownFileType = sourcecode.swift; path = Workout.swift; sourceTree = "<group>"; };
		F576F890226DF0050015D14E /* User.swift */ = {isa = PBXFileReference; fileEncoding = 4; lastKnownFileType = sourcecode.swift; path = User.swift; sourceTree = "<group>"; };
		F576F891226DF0050015D14E /* UserCredentials.swift */ = {isa = PBXFileReference; fileEncoding = 4; lastKnownFileType = sourcecode.swift; path = UserCredentials.swift; sourceTree = "<group>"; };
		F576F892226DF0050015D14E /* WorkoutFilter.swift */ = {isa = PBXFileReference; fileEncoding = 4; lastKnownFileType = sourcecode.swift; path = WorkoutFilter.swift; sourceTree = "<group>"; };
		F576F893226DF0050015D14E /* UserAuthorization.swift */ = {isa = PBXFileReference; fileEncoding = 4; lastKnownFileType = sourcecode.swift; path = UserAuthorization.swift; sourceTree = "<group>"; };
		F576F895226DF0050015D14E /* FoundationExtensions.swift */ = {isa = PBXFileReference; fileEncoding = 4; lastKnownFileType = sourcecode.swift; path = FoundationExtensions.swift; sourceTree = "<group>"; };
		F576F896226DF0050015D14E /* ProtoExtensions.swift */ = {isa = PBXFileReference; fileEncoding = 4; lastKnownFileType = sourcecode.swift; path = ProtoExtensions.swift; sourceTree = "<group>"; };
		F576F8D4226DF04F0015D14E /* DataManager.swift */ = {isa = PBXFileReference; fileEncoding = 4; lastKnownFileType = sourcecode.swift; path = DataManager.swift; sourceTree = "<group>"; };
		F576F8D5226DF04F0015D14E /* SystemError.swift */ = {isa = PBXFileReference; fileEncoding = 4; lastKnownFileType = sourcecode.swift; path = SystemError.swift; sourceTree = "<group>"; };
		F576F8D6226DF04F0015D14E /* UserManager.swift */ = {isa = PBXFileReference; fileEncoding = 4; lastKnownFileType = sourcecode.swift; path = UserManager.swift; sourceTree = "<group>"; };
		F576F8D9226DF04F0015D14E /* DataManagerFactory.swift */ = {isa = PBXFileReference; fileEncoding = 4; lastKnownFileType = sourcecode.swift; path = DataManagerFactory.swift; sourceTree = "<group>"; };
		F576F8F1226DF0B40015D14E /* WelcomeCoordinator.swift */ = {isa = PBXFileReference; fileEncoding = 4; lastKnownFileType = sourcecode.swift; path = WelcomeCoordinator.swift; sourceTree = "<group>"; };
		F576F8F2226DF0B40015D14E /* WelcomePresenter.swift */ = {isa = PBXFileReference; fileEncoding = 4; lastKnownFileType = sourcecode.swift; path = WelcomePresenter.swift; sourceTree = "<group>"; };
		F576F8F3226DF0B40015D14E /* SignInPresenter.swift */ = {isa = PBXFileReference; fileEncoding = 4; lastKnownFileType = sourcecode.swift; path = SignInPresenter.swift; sourceTree = "<group>"; };
		F576F8FE226DF1020015D14E /* UIKitExtensions.swift */ = {isa = PBXFileReference; fileEncoding = 4; lastKnownFileType = sourcecode.swift; path = UIKitExtensions.swift; sourceTree = "<group>"; };
		F576F903226E165E0015D14E /* FilterPresenter.swift */ = {isa = PBXFileReference; fileEncoding = 4; lastKnownFileType = sourcecode.swift; path = FilterPresenter.swift; sourceTree = "<group>"; };
		F576F904226E165E0015D14E /* UpdateFilterPresenter.swift */ = {isa = PBXFileReference; fileEncoding = 4; lastKnownFileType = sourcecode.swift; path = UpdateFilterPresenter.swift; sourceTree = "<group>"; };
		F576F912226E16820015D14E /* WorkoutVC.swift */ = {isa = PBXFileReference; fileEncoding = 4; lastKnownFileType = sourcecode.swift; path = WorkoutVC.swift; sourceTree = "<group>"; };
		F576F913226E16820015D14E /* WorkoutPresenter.swift */ = {isa = PBXFileReference; fileEncoding = 4; lastKnownFileType = sourcecode.swift; path = WorkoutPresenter.swift; sourceTree = "<group>"; };
		F576F914226E16820015D14E /* EditWorkoutPresenter.swift */ = {isa = PBXFileReference; fileEncoding = 4; lastKnownFileType = sourcecode.swift; path = EditWorkoutPresenter.swift; sourceTree = "<group>"; };
		F576F92E226E168B0015D14E /* SettingsPresenter.swift */ = {isa = PBXFileReference; fileEncoding = 4; lastKnownFileType = sourcecode.swift; path = SettingsPresenter.swift; sourceTree = "<group>"; };
		F576F947226E16970015D14E /* Asset.swift */ = {isa = PBXFileReference; fileEncoding = 4; lastKnownFileType = sourcecode.swift; path = Asset.swift; sourceTree = "<group>"; };
		F576F948226E16970015D14E /* LoadingHUD.swift */ = {isa = PBXFileReference; fileEncoding = 4; lastKnownFileType = sourcecode.swift; path = LoadingHUD.swift; sourceTree = "<group>"; };
		F576F987226E16BB0015D14E /* UserVC.swift */ = {isa = PBXFileReference; fileEncoding = 4; lastKnownFileType = sourcecode.swift; path = UserVC.swift; sourceTree = "<group>"; };
		F576F988226E16BB0015D14E /* UserListPresenter.swift */ = {isa = PBXFileReference; fileEncoding = 4; lastKnownFileType = sourcecode.swift; path = UserListPresenter.swift; sourceTree = "<group>"; };
		F576F989226E16BB0015D14E /* UserListVC.swift */ = {isa = PBXFileReference; fileEncoding = 4; lastKnownFileType = sourcecode.swift; path = UserListVC.swift; sourceTree = "<group>"; };
		F576F98A226E16BB0015D14E /* UpdateUserPresenter.swift */ = {isa = PBXFileReference; fileEncoding = 4; lastKnownFileType = sourcecode.swift; path = UpdateUserPresenter.swift; sourceTree = "<group>"; };
		F576F98B226E16BB0015D14E /* CreateUserPresenter.swift */ = {isa = PBXFileReference; fileEncoding = 4; lastKnownFileType = sourcecode.swift; path = CreateUserPresenter.swift; sourceTree = "<group>"; };
		F5AF642E235DE7980042F342 /* DataManager+Combine.swift */ = {isa = PBXFileReference; fileEncoding = 4; lastKnownFileType = sourcecode.swift; path = "DataManager+Combine.swift"; sourceTree = "<group>"; };
		F5C908242343C5CD0038BD89 /* CreateUserCoordinator.swift */ = {isa = PBXFileReference; lastKnownFileType = sourcecode.swift; path = CreateUserCoordinator.swift; sourceTree = "<group>"; };
		F5C908282343C6960038BD89 /* UpdateFilterCoordinator.swift */ = {isa = PBXFileReference; lastKnownFileType = sourcecode.swift; path = UpdateFilterCoordinator.swift; sourceTree = "<group>"; };
		F5C9082A2343C6B20038BD89 /* UpdateUserCoordinator.swift */ = {isa = PBXFileReference; lastKnownFileType = sourcecode.swift; path = UpdateUserCoordinator.swift; sourceTree = "<group>"; };
		F5C9082C2343C6DA0038BD89 /* EditWorkoutCoordinator.swift */ = {isa = PBXFileReference; lastKnownFileType = sourcecode.swift; path = EditWorkoutCoordinator.swift; sourceTree = "<group>"; };
		F5C9083D2343E9A00038BD89 /* WorkoutRepository.swift */ = {isa = PBXFileReference; lastKnownFileType = sourcecode.swift; path = WorkoutRepository.swift; sourceTree = "<group>"; };
		F5C9F39E23A97A9D009C6B85 /* FilterCellModel.swift */ = {isa = PBXFileReference; lastKnownFileType = sourcecode.swift; path = FilterCellModel.swift; sourceTree = "<group>"; };
		F5C9F3A023A97BB6009C6B85 /* ConvenienceCellModels.swift */ = {isa = PBXFileReference; lastKnownFileType = sourcecode.swift; path = ConvenienceCellModels.swift; sourceTree = "<group>"; };
		F5CE47BC233E402400983F72 /* DataManager+RxSwift.swift */ = {isa = PBXFileReference; lastKnownFileType = sourcecode.swift; path = "DataManager+RxSwift.swift"; sourceTree = "<group>"; };
		F5CE47C5233E561C00983F72 /* UserListRepository.swift */ = {isa = PBXFileReference; lastKnownFileType = sourcecode.swift; path = UserListRepository.swift; sourceTree = "<group>"; };
/* End PBXFileReference section */

/* Begin PBXFrameworksBuildPhase section */
		F53A9F74239E874C0004C462 /* Frameworks */ = {
			isa = PBXFrameworksBuildPhase;
			buildActionMask = 2147483647;
			files = (
				2CD24A88891F518C450AD525 /* Pods_MinervaCatalog.framework in Frameworks */,
			);
			runOnlyForDeploymentPostprocessing = 0;
		};
		F5587D0C22502B10004223E5 /* Frameworks */ = {
			isa = PBXFrameworksBuildPhase;
			buildActionMask = 2147483647;
			files = (
				FAE1C12F0BBEF7A411BA9969 /* Pods_MinervaExample.framework in Frameworks */,
			);
			runOnlyForDeploymentPostprocessing = 0;
		};
/* End PBXFrameworksBuildPhase section */

/* Begin PBXGroup section */
		081ED66ABE5F9C68EBEBD0D8 /* Frameworks */ = {
			isa = PBXGroup;
			children = (
				19665C6027FF5E560AE8A1ED /* Pods_MinervaCatalog.framework */,
				642117C1B9BA88B6D453F767 /* Pods_MinervaExample.framework */,
			);
			name = Frameworks;
			sourceTree = "<group>";
		};
		3F41C872B74F50848A9979C1 /* Pods */ = {
			isa = PBXGroup;
			children = (
				B52C03260EDFDC3D1A05F307 /* Pods-MinervaCatalog.debug.xcconfig */,
				BF373880490EA10DD3EC8F46 /* Pods-MinervaCatalog.release.xcconfig */,
				93E0189BE68B730696599716 /* Pods-MinervaExample.debug.xcconfig */,
				8DE86EE781C6ABD14C6802AB /* Pods-MinervaExample.release.xcconfig */,
			);
			path = Pods;
			sourceTree = "<group>";
		};
		DEFE3602255CFB3F000CA31A /* WorkoutSplitCoordinator */ = {
			isa = PBXGroup;
			children = (
				DEFE3603255CFB56000CA31A /* WorkoutSplitCoordinator.swift */,
			);
			path = WorkoutSplitCoordinator;
			sourceTree = "<group>";
		};
		DEFE3619255D1E83000CA31A /* WorkoutDetails */ = {
			isa = PBXGroup;
			children = (
				DEFE361A255D1E9F000CA31A /* WorkoutDetailsCoordinator.swift */,
				DEFE361E255D1EAE000CA31A /* WorkoutDetailsPresenter.swift */,
			);
			path = WorkoutDetails;
			sourceTree = "<group>";
		};
		DEFE3626255D4924000CA31A /* DefaultSplitDetail */ = {
			isa = PBXGroup;
			children = (
				DEFE3627255D494B000CA31A /* DefaultSplitDetailCoordinator.swift */,
				DEFE362D255D4954000CA31A /* DefaultSplitDetailPresenter.swift */,
			);
			path = DefaultSplitDetail;
			sourceTree = "<group>";
		};
		F501F894233BFF6400012C5E /* UserList */ = {
			isa = PBXGroup;
			children = (
				DE9A583C24172E1400E2C81E /* UserListCellModel.swift */,
				F501F899233C05E500012C5E /* UserListCoordinator.swift */,
				F576F988226E16BB0015D14E /* UserListPresenter.swift */,
				F5CE47C5233E561C00983F72 /* UserListRepository.swift */,
				F576F989226E16BB0015D14E /* UserListVC.swift */,
			);
			path = UserList;
			sourceTree = "<group>";
		};
		F53A9F78239E874C0004C462 /* MinervaCatalog */ = {
			isa = PBXGroup;
			children = (
				F53A9F92239E87D50004C462 /* Core */,
				F53A9F91239E87CA0004C462 /* Resources */,
			);
			path = MinervaCatalog;
			sourceTree = "<group>";
		};
		F53A9F91239E87CA0004C462 /* Resources */ = {
			isa = PBXGroup;
			children = (
				F53A9F8B239E87660004C462 /* MinervaCatalog.entitlements */,
				F53A9F82239E874D0004C462 /* Assets.xcassets */,
				F53A9F84239E874D0004C462 /* LaunchScreen.storyboard */,
				F53A9F87239E874D0004C462 /* Info.plist */,
			);
			path = Resources;
			sourceTree = "<group>";
		};
		F53A9F92239E87D50004C462 /* Core */ = {
			isa = PBXGroup;
			children = (
				F53A9F79239E874C0004C462 /* CatalogAppDelegate.swift */,
				F53A9F7D239E874C0004C462 /* CatalogCoordinator.swift */,
				F53A9F93239E8B300004C462 /* CatalogPresenter.swift */,
			);
			path = Core;
			sourceTree = "<group>";
		};
		F5587D0622502B10004223E5 = {
			isa = PBXGroup;
			children = (
				F53A9F78239E874C0004C462 /* MinervaCatalog */,
				F5587D1122502B10004223E5 /* MinervaExample */,
				3F41C872B74F50848A9979C1 /* Pods */,
				F5587D1022502B10004223E5 /* Products */,
				081ED66ABE5F9C68EBEBD0D8 /* Frameworks */,
			);
			indentWidth = 2;
			sourceTree = "<group>";
			tabWidth = 2;
		};
		F5587D1022502B10004223E5 /* Products */ = {
			isa = PBXGroup;
			children = (
				F5587D0F22502B10004223E5 /* MinervaExample.app */,
				F53A9F77239E874C0004C462 /* MinervaCatalog.app */,
			);
			name = Products;
			sourceTree = "<group>";
		};
		F5587D1122502B10004223E5 /* MinervaExample */ = {
			isa = PBXGroup;
			children = (
				F576F933226E16960015D14E /* Cells */,
				F576F945226E16970015D14E /* Core */,
				F5C908262343C5D30038BD89 /* CreateUser */,
				DEFE3626255D4924000CA31A /* DefaultSplitDetail */,
				F5C908392343E3F30038BD89 /* EditWorkout */,
				F576F8FD226DF1020015D14E /* Extensions */,
				F576F902226E165E0015D14E /* Filter */,
				F576F87F226DF0050015D14E /* Generated */,
				F576F868226DEE250015D14E /* Lifecycle */,
				F576F88D226DF0050015D14E /* Models */,
				F576F8F0226DF0B40015D14E /* Onboarding */,
				F576F886226DF0050015D14E /* Protos */,
				F584857523395474001DBF1E /* Resources */,
				F576F8D3226DF04F0015D14E /* Services */,
				F576F92D226E168B0015D14E /* Settings */,
				F576F86D226DEEF10015D14E /* TestData */,
				F5C908272343C6340038BD89 /* UpdateUser */,
				F576F986226E16BB0015D14E /* User */,
				F501F894233BFF6400012C5E /* UserList */,
				F576F90B226E16820015D14E /* Workout */,
				DEFE3619255D1E83000CA31A /* WorkoutDetails */,
				DEFE3602255CFB3F000CA31A /* WorkoutSplitCoordinator */,
			);
			path = MinervaExample;
			sourceTree = "<group>";
		};
		F576F868226DEE250015D14E /* Lifecycle */ = {
			isa = PBXGroup;
			children = (
				F5587D1222502B10004223E5 /* AppDelegate.swift */,
				F576F869226DEE4C0015D14E /* LifecycleCoordinator.swift */,
			);
			path = Lifecycle;
			sourceTree = "<group>";
		};
		F576F86D226DEEF10015D14E /* TestData */ = {
			isa = PBXGroup;
			children = (
				F576F871226DEFA90015D14E /* TestData.swift */,
				F576F86F226DEFA90015D14E /* TestDataManager.swift */,
				F576F870226DEFA90015D14E /* TestDataManagerFactory.swift */,
				F576F86E226DEFA90015D14E /* TestUserManager.swift */,
			);
			path = TestData;
			sourceTree = "<group>";
		};
		F576F87F226DF0050015D14E /* Generated */ = {
			isa = PBXGroup;
			children = (
				F576F883226DF0050015D14E /* User.pb.swift */,
				F576F884226DF0050015D14E /* UserAuthorization.pb.swift */,
				F576F882226DF0050015D14E /* UserCredentials.pb.swift */,
				F576F880226DF0050015D14E /* UserRole.pb.swift */,
				F576F881226DF0050015D14E /* Workout.pb.swift */,
				F576F885226DF0050015D14E /* WorkoutFilter.pb.swift */,
			);
			path = Generated;
			sourceTree = "<group>";
		};
		F576F886226DF0050015D14E /* Protos */ = {
			isa = PBXGroup;
			children = (
				F576F88C226DF0050015D14E /* User.proto */,
				F576F888226DF0050015D14E /* UserAuthorization.proto */,
				F576F887226DF0050015D14E /* UserCredentials.proto */,
				F576F889226DF0050015D14E /* UserRole.proto */,
				F576F88B226DF0050015D14E /* Workout.proto */,
				F576F88A226DF0050015D14E /* WorkoutFilter.proto */,
			);
			path = Protos;
			sourceTree = "<group>";
		};
		F576F88D226DF0050015D14E /* Models */ = {
			isa = PBXGroup;
			children = (
				F576F890226DF0050015D14E /* User.swift */,
				F576F893226DF0050015D14E /* UserAuthorization.swift */,
				F576F891226DF0050015D14E /* UserCredentials.swift */,
				F576F88E226DF0050015D14E /* UserRole.swift */,
				F576F88F226DF0050015D14E /* Workout.swift */,
				F576F892226DF0050015D14E /* WorkoutFilter.swift */,
			);
			path = Models;
			sourceTree = "<group>";
		};
		F576F8D3226DF04F0015D14E /* Services */ = {
			isa = PBXGroup;
			children = (
				F576F8D4226DF04F0015D14E /* DataManager.swift */,
				F5AF642E235DE7980042F342 /* DataManager+Combine.swift */,
				F5CE47BC233E402400983F72 /* DataManager+RxSwift.swift */,
				F576F8D9226DF04F0015D14E /* DataManagerFactory.swift */,
				F576F8D5226DF04F0015D14E /* SystemError.swift */,
				F576F8D6226DF04F0015D14E /* UserManager.swift */,
			);
			path = Services;
			sourceTree = "<group>";
		};
		F576F8F0226DF0B40015D14E /* Onboarding */ = {
			isa = PBXGroup;
			children = (
				F501F892233BF47700012C5E /* SignInCoordinator.swift */,
				F576F8F3226DF0B40015D14E /* SignInPresenter.swift */,
				F576F8F1226DF0B40015D14E /* WelcomeCoordinator.swift */,
				F576F8F2226DF0B40015D14E /* WelcomePresenter.swift */,
			);
			path = Onboarding;
			sourceTree = "<group>";
		};
		F576F8FD226DF1020015D14E /* Extensions */ = {
			isa = PBXGroup;
			children = (
				F576F895226DF0050015D14E /* FoundationExtensions.swift */,
				F576F896226DF0050015D14E /* ProtoExtensions.swift */,
				F576F8FE226DF1020015D14E /* UIKitExtensions.swift */,
			);
			path = Extensions;
			sourceTree = "<group>";
		};
		F576F902226E165E0015D14E /* Filter */ = {
			isa = PBXGroup;
			children = (
				F5C9F39E23A97A9D009C6B85 /* FilterCellModel.swift */,
				F501F89D233C0E5900012C5E /* FilterCoordinator.swift */,
				F576F903226E165E0015D14E /* FilterPresenter.swift */,
				F5C908282343C6960038BD89 /* UpdateFilterCoordinator.swift */,
				F576F904226E165E0015D14E /* UpdateFilterPresenter.swift */,
			);
			path = Filter;
			sourceTree = "<group>";
		};
		F576F90B226E16820015D14E /* Workout */ = {
			isa = PBXGroup;
			children = (
				DE9A583E24172F4000E2C81E /* WorkoutCellModel.swift */,
				F501F89B233C0A7C00012C5E /* WorkoutCoordinator.swift */,
				F576F913226E16820015D14E /* WorkoutPresenter.swift */,
				F5C9083D2343E9A00038BD89 /* WorkoutRepository.swift */,
				F576F912226E16820015D14E /* WorkoutVC.swift */,
			);
			path = Workout;
			sourceTree = "<group>";
		};
		F576F92D226E168B0015D14E /* Settings */ = {
			isa = PBXGroup;
			children = (
				F501F897233C016F00012C5E /* SettingsCoordinator.swift */,
				F576F92E226E168B0015D14E /* SettingsPresenter.swift */,
				DE77357C255AD9480022B1B2 /* SettingsVC.swift */,
			);
			path = Settings;
			sourceTree = "<group>";
		};
		F576F933226E16960015D14E /* Cells */ = {
			isa = PBXGroup;
			children = (
				F5C9F3A023A97BB6009C6B85 /* ConvenienceCellModels.swift */,
				F562CF382354894D00402122 /* SwiftUITextCell.swift */,
			);
			path = Cells;
			sourceTree = "<group>";
		};
		F576F945226E16970015D14E /* Core */ = {
			isa = PBXGroup;
			children = (
				F576F947226E16970015D14E /* Asset.swift */,
				F576F948226E16970015D14E /* LoadingHUD.swift */,
				F501F890233BE77200012C5E /* MainCoordinator.swift */,
			);
			path = Core;
			sourceTree = "<group>";
		};
		F576F986226E16BB0015D14E /* User */ = {
			isa = PBXGroup;
			children = (
				F576F86B226DEE740015D14E /* UserCoordinator.swift */,
				F576F987226E16BB0015D14E /* UserVC.swift */,
			);
			path = User;
			sourceTree = "<group>";
		};
		F584857523395474001DBF1E /* Resources */ = {
			isa = PBXGroup;
			children = (
				F5587D1922502B11004223E5 /* Assets.xcassets */,
				F5587D1E22502B11004223E5 /* Info.plist */,
				F5587D1B22502B11004223E5 /* LaunchScreen.storyboard */,
				F53D0B6A2378F0780051A063 /* MinervaExample.entitlements */,
			);
			path = Resources;
			sourceTree = "<group>";
		};
		F5C908262343C5D30038BD89 /* CreateUser */ = {
			isa = PBXGroup;
			children = (
				F5C908242343C5CD0038BD89 /* CreateUserCoordinator.swift */,
				F576F98B226E16BB0015D14E /* CreateUserPresenter.swift */,
			);
			path = CreateUser;
			sourceTree = "<group>";
		};
		F5C908272343C6340038BD89 /* UpdateUser */ = {
			isa = PBXGroup;
			children = (
				F5C9082A2343C6B20038BD89 /* UpdateUserCoordinator.swift */,
				F576F98A226E16BB0015D14E /* UpdateUserPresenter.swift */,
			);
			path = UpdateUser;
			sourceTree = "<group>";
		};
		F5C908392343E3F30038BD89 /* EditWorkout */ = {
			isa = PBXGroup;
			children = (
				F5C9082C2343C6DA0038BD89 /* EditWorkoutCoordinator.swift */,
				F576F914226E16820015D14E /* EditWorkoutPresenter.swift */,
			);
			path = EditWorkout;
			sourceTree = "<group>";
		};
/* End PBXGroup section */

/* Begin PBXNativeTarget section */
		F53A9F76239E874C0004C462 /* MinervaCatalog */ = {
			isa = PBXNativeTarget;
			buildConfigurationList = F53A9F8A239E874D0004C462 /* Build configuration list for PBXNativeTarget "MinervaCatalog" */;
			buildPhases = (
				649041A355F78B92B6E4484E /* [CP] Check Pods Manifest.lock */,
				F53A9F73239E874C0004C462 /* Sources */,
				F53A9F74239E874C0004C462 /* Frameworks */,
				F53A9F75239E874C0004C462 /* Resources */,
				F53A9F90239E87880004C462 /* Embed Frameworks */,
				75C06003663A362B9963E017 /* [CP] Embed Pods Frameworks */,
			);
			buildRules = (
			);
			dependencies = (
			);
			name = MinervaCatalog;
			productName = MinervaCatalog;
			productReference = F53A9F77239E874C0004C462 /* MinervaCatalog.app */;
			productType = "com.apple.product-type.application";
		};
		F5587D0E22502B10004223E5 /* MinervaExample */ = {
			isa = PBXNativeTarget;
			buildConfigurationList = F5587D3722502B12004223E5 /* Build configuration list for PBXNativeTarget "MinervaExample" */;
			buildPhases = (
				6442496C3C3B783E941CB8D7 /* [CP] Check Pods Manifest.lock */,
				F53EAEFC237B007100CB7FFA /* Run SwiftLint */,
				F5587D0B22502B10004223E5 /* Sources */,
				F5587D0C22502B10004223E5 /* Frameworks */,
				F5587D0D22502B10004223E5 /* Resources */,
				F5587D5122502BF3004223E5 /* Embed Frameworks */,
				39732C6E0732B7CC12665F5B /* [CP] Embed Pods Frameworks */,
			);
			buildRules = (
			);
			dependencies = (
			);
			name = MinervaExample;
			productName = MinervaExample;
			productReference = F5587D0F22502B10004223E5 /* MinervaExample.app */;
			productType = "com.apple.product-type.application";
		};
/* End PBXNativeTarget section */

/* Begin PBXProject section */
		F5587D0722502B10004223E5 /* Project object */ = {
			isa = PBXProject;
			attributes = {
				LastSwiftUpdateCheck = 1120;
				LastUpgradeCheck = 1200;
				ORGANIZATIONNAME = "Optimize Fitness, Inc.";
				TargetAttributes = {
					F53A9F76239E874C0004C462 = {
						CreatedOnToolsVersion = 11.2.1;
					};
					F5587D0E22502B10004223E5 = {
						CreatedOnToolsVersion = 10.2;
					};
				};
			};
			buildConfigurationList = F5587D0A22502B10004223E5 /* Build configuration list for PBXProject "Minerva" */;
			compatibilityVersion = "Xcode 9.3";
			developmentRegion = en;
			hasScannedForEncodings = 0;
			knownRegions = (
				en,
				Base,
			);
			mainGroup = F5587D0622502B10004223E5;
			productRefGroup = F5587D1022502B10004223E5 /* Products */;
			projectDirPath = "";
			projectRoot = "";
			targets = (
				F53A9F76239E874C0004C462 /* MinervaCatalog */,
				F5587D0E22502B10004223E5 /* MinervaExample */,
			);
		};
/* End PBXProject section */

/* Begin PBXResourcesBuildPhase section */
		F53A9F75239E874C0004C462 /* Resources */ = {
			isa = PBXResourcesBuildPhase;
			buildActionMask = 2147483647;
			files = (
				F53A9F86239E874D0004C462 /* LaunchScreen.storyboard in Resources */,
				F53A9F83239E874D0004C462 /* Assets.xcassets in Resources */,
			);
			runOnlyForDeploymentPostprocessing = 0;
		};
		F5587D0D22502B10004223E5 /* Resources */ = {
			isa = PBXResourcesBuildPhase;
			buildActionMask = 2147483647;
			files = (
				F5587D1D22502B11004223E5 /* LaunchScreen.storyboard in Resources */,
				F5587D1A22502B11004223E5 /* Assets.xcassets in Resources */,
			);
			runOnlyForDeploymentPostprocessing = 0;
		};
/* End PBXResourcesBuildPhase section */

/* Begin PBXShellScriptBuildPhase section */
		39732C6E0732B7CC12665F5B /* [CP] Embed Pods Frameworks */ = {
			isa = PBXShellScriptBuildPhase;
			buildActionMask = 2147483647;
			files = (
			);
			inputFileListPaths = (
				"${PODS_ROOT}/Target Support Files/Pods-MinervaExample/Pods-MinervaExample-frameworks-${CONFIGURATION}-input-files.xcfilelist",
			);
			name = "[CP] Embed Pods Frameworks";
			outputFileListPaths = (
				"${PODS_ROOT}/Target Support Files/Pods-MinervaExample/Pods-MinervaExample-frameworks-${CONFIGURATION}-output-files.xcfilelist",
			);
			runOnlyForDeploymentPostprocessing = 0;
			shellPath = /bin/sh;
			shellScript = "\"${PODS_ROOT}/Target Support Files/Pods-MinervaExample/Pods-MinervaExample-frameworks.sh\"\n";
			showEnvVarsInLog = 0;
		};
		6442496C3C3B783E941CB8D7 /* [CP] Check Pods Manifest.lock */ = {
			isa = PBXShellScriptBuildPhase;
			buildActionMask = 2147483647;
			files = (
			);
			inputFileListPaths = (
			);
			inputPaths = (
				"${PODS_PODFILE_DIR_PATH}/Podfile.lock",
				"${PODS_ROOT}/Manifest.lock",
			);
			name = "[CP] Check Pods Manifest.lock";
			outputFileListPaths = (
			);
			outputPaths = (
				"$(DERIVED_FILE_DIR)/Pods-MinervaExample-checkManifestLockResult.txt",
			);
			runOnlyForDeploymentPostprocessing = 0;
			shellPath = /bin/sh;
			shellScript = "diff \"${PODS_PODFILE_DIR_PATH}/Podfile.lock\" \"${PODS_ROOT}/Manifest.lock\" > /dev/null\nif [ $? != 0 ] ; then\n    # print error to STDERR\n    echo \"error: The sandbox is not in sync with the Podfile.lock. Run 'pod install' or update your CocoaPods installation.\" >&2\n    exit 1\nfi\n# This output is used by Xcode 'outputs' to avoid re-running this script phase.\necho \"SUCCESS\" > \"${SCRIPT_OUTPUT_FILE_0}\"\n";
			showEnvVarsInLog = 0;
		};
		649041A355F78B92B6E4484E /* [CP] Check Pods Manifest.lock */ = {
			isa = PBXShellScriptBuildPhase;
			buildActionMask = 2147483647;
			files = (
			);
			inputFileListPaths = (
			);
			inputPaths = (
				"${PODS_PODFILE_DIR_PATH}/Podfile.lock",
				"${PODS_ROOT}/Manifest.lock",
			);
			name = "[CP] Check Pods Manifest.lock";
			outputFileListPaths = (
			);
			outputPaths = (
				"$(DERIVED_FILE_DIR)/Pods-MinervaCatalog-checkManifestLockResult.txt",
			);
			runOnlyForDeploymentPostprocessing = 0;
			shellPath = /bin/sh;
			shellScript = "diff \"${PODS_PODFILE_DIR_PATH}/Podfile.lock\" \"${PODS_ROOT}/Manifest.lock\" > /dev/null\nif [ $? != 0 ] ; then\n    # print error to STDERR\n    echo \"error: The sandbox is not in sync with the Podfile.lock. Run 'pod install' or update your CocoaPods installation.\" >&2\n    exit 1\nfi\n# This output is used by Xcode 'outputs' to avoid re-running this script phase.\necho \"SUCCESS\" > \"${SCRIPT_OUTPUT_FILE_0}\"\n";
			showEnvVarsInLog = 0;
		};
		75C06003663A362B9963E017 /* [CP] Embed Pods Frameworks */ = {
			isa = PBXShellScriptBuildPhase;
			buildActionMask = 2147483647;
			files = (
			);
			inputFileListPaths = (
				"${PODS_ROOT}/Target Support Files/Pods-MinervaCatalog/Pods-MinervaCatalog-frameworks-${CONFIGURATION}-input-files.xcfilelist",
			);
			name = "[CP] Embed Pods Frameworks";
			outputFileListPaths = (
				"${PODS_ROOT}/Target Support Files/Pods-MinervaCatalog/Pods-MinervaCatalog-frameworks-${CONFIGURATION}-output-files.xcfilelist",
			);
			runOnlyForDeploymentPostprocessing = 0;
			shellPath = /bin/sh;
			shellScript = "\"${PODS_ROOT}/Target Support Files/Pods-MinervaCatalog/Pods-MinervaCatalog-frameworks.sh\"\n";
			showEnvVarsInLog = 0;
		};
		F53EAEFC237B007100CB7FFA /* Run SwiftLint */ = {
			isa = PBXShellScriptBuildPhase;
			buildActionMask = 2147483647;
			files = (
			);
			inputFileListPaths = (
			);
			inputPaths = (
			);
			name = "Run SwiftLint";
			outputFileListPaths = (
			);
			outputPaths = (
			);
			runOnlyForDeploymentPostprocessing = 0;
			shellPath = /bin/sh;
			shellScript = "\"${PODS_ROOT}/SwiftLint/swiftlint\"\n";
		};
/* End PBXShellScriptBuildPhase section */

/* Begin PBXSourcesBuildPhase section */
		F53A9F73239E874C0004C462 /* Sources */ = {
			isa = PBXSourcesBuildPhase;
			buildActionMask = 2147483647;
			files = (
				F53A9F7E239E874C0004C462 /* CatalogCoordinator.swift in Sources */,
				F53A9F7A239E874C0004C462 /* CatalogAppDelegate.swift in Sources */,
				F53A9F94239E8B300004C462 /* CatalogPresenter.swift in Sources */,
				F5A44B7D23BC3F5900B4AE9C /* ConvenienceCellModels.swift in Sources */,
			);
			runOnlyForDeploymentPostprocessing = 0;
		};
		F5587D0B22502B10004223E5 /* Sources */ = {
			isa = PBXSourcesBuildPhase;
			buildActionMask = 2147483647;
			files = (
				F576F8DB226DF04F0015D14E /* DataManager.swift in Sources */,
				F5C9083E2343E9A00038BD89 /* WorkoutRepository.swift in Sources */,
				F576F89A226DF0050015D14E /* Workout.pb.swift in Sources */,
				F576F905226E165E0015D14E /* FilterPresenter.swift in Sources */,
				F501F89E233C0E5900012C5E /* FilterCoordinator.swift in Sources */,
				DEFE361F255D1EAE000CA31A /* WorkoutDetailsPresenter.swift in Sources */,
				F576F897226DF0050015D14E /* UserRole.pb.swift in Sources */,
				F501F89A233C05E500012C5E /* UserListCoordinator.swift in Sources */,
				F576F8BE226DF0050015D14E /* Workout.swift in Sources */,
				F576F8C4226DF0050015D14E /* UserCredentials.swift in Sources */,
				DEFE3628255D494B000CA31A /* DefaultSplitDetailCoordinator.swift in Sources */,
				F5587D1322502B10004223E5 /* AppDelegate.swift in Sources */,
				F576F924226E16820015D14E /* WorkoutVC.swift in Sources */,
				F576F998226E16BB0015D14E /* CreateUserPresenter.swift in Sources */,
				F576F92A226E16820015D14E /* EditWorkoutPresenter.swift in Sources */,
				F576F8CD226DF0050015D14E /* FoundationExtensions.swift in Sources */,
				F576F89D226DF0050015D14E /* UserCredentials.pb.swift in Sources */,
				F5C9F39F23A97A9D009C6B85 /* FilterCellModel.swift in Sources */,
				F576F878226DEFA90015D14E /* TestDataManagerFactory.swift in Sources */,
				F576F87B226DEFA90015D14E /* TestData.swift in Sources */,
				F576F8EA226DF04F0015D14E /* DataManagerFactory.swift in Sources */,
				F576F8A0226DF0050015D14E /* User.pb.swift in Sources */,
				F576F86A226DEE4C0015D14E /* LifecycleCoordinator.swift in Sources */,
				F576F8F7226DF0B50015D14E /* WelcomePresenter.swift in Sources */,
				F576F8DE226DF04F0015D14E /* SystemError.swift in Sources */,
				DE9A583F24172F4000E2C81E /* WorkoutCellModel.swift in Sources */,
				F501F898233C016F00012C5E /* SettingsCoordinator.swift in Sources */,
				F576F8FF226DF1020015D14E /* UIKitExtensions.swift in Sources */,
				F576F92F226E168B0015D14E /* SettingsPresenter.swift in Sources */,
				DE9A583D24172E1400E2C81E /* UserListCellModel.swift in Sources */,
				F5AF642F235DE7980042F342 /* DataManager+Combine.swift in Sources */,
				F576F98F226E16BB0015D14E /* UserListPresenter.swift in Sources */,
				F576F8F4226DF0B50015D14E /* WelcomeCoordinator.swift in Sources */,
				F576F8D0226DF0050015D14E /* ProtoExtensions.swift in Sources */,
				F5C9082D2343C6DA0038BD89 /* EditWorkoutCoordinator.swift in Sources */,
				F576F8A3226DF0050015D14E /* UserAuthorization.pb.swift in Sources */,
				F576F995226E16BB0015D14E /* UpdateUserPresenter.swift in Sources */,
				F576F927226E16820015D14E /* WorkoutPresenter.swift in Sources */,
				F576F875226DEFA90015D14E /* TestDataManager.swift in Sources */,
				F576F8BB226DF0050015D14E /* UserRole.swift in Sources */,
				F5C9082B2343C6B20038BD89 /* UpdateUserCoordinator.swift in Sources */,
				F576F8E1226DF04F0015D14E /* UserManager.swift in Sources */,
				F5C908292343C6960038BD89 /* UpdateFilterCoordinator.swift in Sources */,
				F576F86C226DEE740015D14E /* UserCoordinator.swift in Sources */,
				F5CE47BD233E402400983F72 /* DataManager+RxSwift.swift in Sources */,
				F576F8A6226DF0050015D14E /* WorkoutFilter.pb.swift in Sources */,
				F501F89C233C0A7C00012C5E /* WorkoutCoordinator.swift in Sources */,
				F501F893233BF47700012C5E /* SignInCoordinator.swift in Sources */,
				F5CE47C6233E561C00983F72 /* UserListRepository.swift in Sources */,
				F501F891233BE77200012C5E /* MainCoordinator.swift in Sources */,
				F576F872226DEFA90015D14E /* TestUserManager.swift in Sources */,
				DE77357D255AD9480022B1B2 /* SettingsVC.swift in Sources */,
				F576F8C7226DF0050015D14E /* WorkoutFilter.swift in Sources */,
				F576F8CA226DF0050015D14E /* UserAuthorization.swift in Sources */,
				F576F908226E165E0015D14E /* UpdateFilterPresenter.swift in Sources */,
				F5C9F3A123A97BB6009C6B85 /* ConvenienceCellModels.swift in Sources */,
				F562CF392354894D00402122 /* SwiftUITextCell.swift in Sources */,
				F576F980226E16970015D14E /* LoadingHUD.swift in Sources */,
				F576F992226E16BB0015D14E /* UserListVC.swift in Sources */,
				F576F8FA226DF0B50015D14E /* SignInPresenter.swift in Sources */,
				F576F97D226E16970015D14E /* Asset.swift in Sources */,
				DEFE3604255CFB56000CA31A /* WorkoutSplitCoordinator.swift in Sources */,
				F5C908252343C5CD0038BD89 /* CreateUserCoordinator.swift in Sources */,
				DEFE362E255D4954000CA31A /* DefaultSplitDetailPresenter.swift in Sources */,
				F576F98C226E16BB0015D14E /* UserVC.swift in Sources */,
				F576F8C1226DF0050015D14E /* User.swift in Sources */,
				DEFE361B255D1E9F000CA31A /* WorkoutDetailsCoordinator.swift in Sources */,
			);
			runOnlyForDeploymentPostprocessing = 0;
		};
/* End PBXSourcesBuildPhase section */

/* Begin PBXVariantGroup section */
		F53A9F84239E874D0004C462 /* LaunchScreen.storyboard */ = {
			isa = PBXVariantGroup;
			children = (
				F53A9F85239E874D0004C462 /* Base */,
			);
			name = LaunchScreen.storyboard;
			sourceTree = "<group>";
		};
		F5587D1B22502B11004223E5 /* LaunchScreen.storyboard */ = {
			isa = PBXVariantGroup;
			children = (
				F5587D1C22502B11004223E5 /* Base */,
			);
			name = LaunchScreen.storyboard;
			sourceTree = "<group>";
		};
/* End PBXVariantGroup section */

/* Begin XCBuildConfiguration section */
		F53A9F88239E874D0004C462 /* Debug */ = {
			isa = XCBuildConfiguration;
			baseConfigurationReference = B52C03260EDFDC3D1A05F307 /* Pods-MinervaCatalog.debug.xcconfig */;
			buildSettings = {
				ASSETCATALOG_COMPILER_APPICON_NAME = AppIcon;
				CODE_SIGN_ENTITLEMENTS = MinervaCatalog/Resources/MinervaCatalog.entitlements;
				CODE_SIGN_STYLE = Automatic;
				DERIVE_MACCATALYST_PRODUCT_BUNDLE_IDENTIFIER = YES;
				DEVELOPMENT_TEAM = 4VDN74SBH7;
				INFOPLIST_FILE = MinervaCatalog/Resources/Info.plist;
				IPHONEOS_DEPLOYMENT_TARGET = 13.0;
				LD_RUNPATH_SEARCH_PATHS = (
					"$(inherited)",
					"@executable_path/Frameworks",
				);
				PRODUCT_BUNDLE_IDENTIFIER = fitness.optimize.MinervaCatalog;
				PRODUCT_NAME = "$(TARGET_NAME)";
				SUPPORTS_MACCATALYST = YES;
				SWIFT_VERSION = 5.0;
				TARGETED_DEVICE_FAMILY = "1,2";
			};
			name = Debug;
		};
		F53A9F89239E874D0004C462 /* Release */ = {
			isa = XCBuildConfiguration;
			baseConfigurationReference = BF373880490EA10DD3EC8F46 /* Pods-MinervaCatalog.release.xcconfig */;
			buildSettings = {
				ASSETCATALOG_COMPILER_APPICON_NAME = AppIcon;
				CODE_SIGN_ENTITLEMENTS = MinervaCatalog/Resources/MinervaCatalog.entitlements;
				CODE_SIGN_STYLE = Automatic;
				DERIVE_MACCATALYST_PRODUCT_BUNDLE_IDENTIFIER = YES;
				DEVELOPMENT_TEAM = 4VDN74SBH7;
				INFOPLIST_FILE = MinervaCatalog/Resources/Info.plist;
				IPHONEOS_DEPLOYMENT_TARGET = 13.0;
				LD_RUNPATH_SEARCH_PATHS = (
					"$(inherited)",
					"@executable_path/Frameworks",
				);
				PRODUCT_BUNDLE_IDENTIFIER = fitness.optimize.MinervaCatalog;
				PRODUCT_NAME = "$(TARGET_NAME)";
				SUPPORTS_MACCATALYST = YES;
				SWIFT_VERSION = 5.0;
				TARGETED_DEVICE_FAMILY = "1,2";
			};
			name = Release;
		};
		F5587D3522502B12004223E5 /* Debug */ = {
			isa = XCBuildConfiguration;
			buildSettings = {
				ALWAYS_SEARCH_USER_PATHS = NO;
				CLANG_ANALYZER_NONNULL = YES;
				CLANG_ANALYZER_NUMBER_OBJECT_CONVERSION = YES_AGGRESSIVE;
				CLANG_CXX_LANGUAGE_STANDARD = "gnu++14";
				CLANG_CXX_LIBRARY = "libc++";
				CLANG_ENABLE_MODULES = YES;
				CLANG_ENABLE_OBJC_ARC = YES;
				CLANG_ENABLE_OBJC_WEAK = YES;
				CLANG_WARN_BLOCK_CAPTURE_AUTORELEASING = YES;
				CLANG_WARN_BOOL_CONVERSION = YES;
				CLANG_WARN_COMMA = YES;
				CLANG_WARN_CONSTANT_CONVERSION = YES;
				CLANG_WARN_DEPRECATED_OBJC_IMPLEMENTATIONS = YES;
				CLANG_WARN_DIRECT_OBJC_ISA_USAGE = YES_ERROR;
				CLANG_WARN_DOCUMENTATION_COMMENTS = YES;
				CLANG_WARN_EMPTY_BODY = YES;
				CLANG_WARN_ENUM_CONVERSION = YES;
				CLANG_WARN_INFINITE_RECURSION = YES;
				CLANG_WARN_INT_CONVERSION = YES;
				CLANG_WARN_NON_LITERAL_NULL_CONVERSION = YES;
				CLANG_WARN_OBJC_IMPLICIT_RETAIN_SELF = YES;
				CLANG_WARN_OBJC_LITERAL_CONVERSION = YES;
				CLANG_WARN_OBJC_ROOT_CLASS = YES_ERROR;
				CLANG_WARN_QUOTED_INCLUDE_IN_FRAMEWORK_HEADER = YES;
				CLANG_WARN_RANGE_LOOP_ANALYSIS = YES;
				CLANG_WARN_STRICT_PROTOTYPES = YES;
				CLANG_WARN_SUSPICIOUS_MOVE = YES;
				CLANG_WARN_UNGUARDED_AVAILABILITY = YES_AGGRESSIVE;
				CLANG_WARN_UNREACHABLE_CODE = YES;
				CLANG_WARN__DUPLICATE_METHOD_MATCH = YES;
				CODE_SIGN_IDENTITY = "iPhone Developer";
				COPY_PHASE_STRIP = NO;
				DEBUG_INFORMATION_FORMAT = dwarf;
				ENABLE_STRICT_OBJC_MSGSEND = YES;
				ENABLE_TESTABILITY = YES;
				GCC_C_LANGUAGE_STANDARD = gnu11;
				GCC_DYNAMIC_NO_PIC = NO;
				GCC_NO_COMMON_BLOCKS = YES;
				GCC_OPTIMIZATION_LEVEL = 0;
				GCC_PREPROCESSOR_DEFINITIONS = (
					"DEBUG=1",
					"$(inherited)",
				);
				GCC_WARN_64_TO_32_BIT_CONVERSION = YES;
				GCC_WARN_ABOUT_RETURN_TYPE = YES_ERROR;
				GCC_WARN_UNDECLARED_SELECTOR = YES;
				GCC_WARN_UNINITIALIZED_AUTOS = YES_AGGRESSIVE;
				GCC_WARN_UNUSED_FUNCTION = YES;
				GCC_WARN_UNUSED_VARIABLE = YES;
				IPHONEOS_DEPLOYMENT_TARGET = 13.0;
				MTL_ENABLE_DEBUG_INFO = INCLUDE_SOURCE;
				MTL_FAST_MATH = YES;
				ONLY_ACTIVE_ARCH = YES;
				SDKROOT = iphoneos;
				SWIFT_ACTIVE_COMPILATION_CONDITIONS = DEBUG;
				SWIFT_OPTIMIZATION_LEVEL = "-Onone";
			};
			name = Debug;
		};
		F5587D3622502B12004223E5 /* Release */ = {
			isa = XCBuildConfiguration;
			buildSettings = {
				ALWAYS_SEARCH_USER_PATHS = NO;
				CLANG_ANALYZER_NONNULL = YES;
				CLANG_ANALYZER_NUMBER_OBJECT_CONVERSION = YES_AGGRESSIVE;
				CLANG_CXX_LANGUAGE_STANDARD = "gnu++14";
				CLANG_CXX_LIBRARY = "libc++";
				CLANG_ENABLE_MODULES = YES;
				CLANG_ENABLE_OBJC_ARC = YES;
				CLANG_ENABLE_OBJC_WEAK = YES;
				CLANG_WARN_BLOCK_CAPTURE_AUTORELEASING = YES;
				CLANG_WARN_BOOL_CONVERSION = YES;
				CLANG_WARN_COMMA = YES;
				CLANG_WARN_CONSTANT_CONVERSION = YES;
				CLANG_WARN_DEPRECATED_OBJC_IMPLEMENTATIONS = YES;
				CLANG_WARN_DIRECT_OBJC_ISA_USAGE = YES_ERROR;
				CLANG_WARN_DOCUMENTATION_COMMENTS = YES;
				CLANG_WARN_EMPTY_BODY = YES;
				CLANG_WARN_ENUM_CONVERSION = YES;
				CLANG_WARN_INFINITE_RECURSION = YES;
				CLANG_WARN_INT_CONVERSION = YES;
				CLANG_WARN_NON_LITERAL_NULL_CONVERSION = YES;
				CLANG_WARN_OBJC_IMPLICIT_RETAIN_SELF = YES;
				CLANG_WARN_OBJC_LITERAL_CONVERSION = YES;
				CLANG_WARN_OBJC_ROOT_CLASS = YES_ERROR;
				CLANG_WARN_QUOTED_INCLUDE_IN_FRAMEWORK_HEADER = YES;
				CLANG_WARN_RANGE_LOOP_ANALYSIS = YES;
				CLANG_WARN_STRICT_PROTOTYPES = YES;
				CLANG_WARN_SUSPICIOUS_MOVE = YES;
				CLANG_WARN_UNGUARDED_AVAILABILITY = YES_AGGRESSIVE;
				CLANG_WARN_UNREACHABLE_CODE = YES;
				CLANG_WARN__DUPLICATE_METHOD_MATCH = YES;
				CODE_SIGN_IDENTITY = "iPhone Developer";
				COPY_PHASE_STRIP = NO;
				DEBUG_INFORMATION_FORMAT = "dwarf-with-dsym";
				ENABLE_NS_ASSERTIONS = NO;
				ENABLE_STRICT_OBJC_MSGSEND = YES;
				GCC_C_LANGUAGE_STANDARD = gnu11;
				GCC_NO_COMMON_BLOCKS = YES;
				GCC_WARN_64_TO_32_BIT_CONVERSION = YES;
				GCC_WARN_ABOUT_RETURN_TYPE = YES_ERROR;
				GCC_WARN_UNDECLARED_SELECTOR = YES;
				GCC_WARN_UNINITIALIZED_AUTOS = YES_AGGRESSIVE;
				GCC_WARN_UNUSED_FUNCTION = YES;
				GCC_WARN_UNUSED_VARIABLE = YES;
				IPHONEOS_DEPLOYMENT_TARGET = 13.0;
				MTL_ENABLE_DEBUG_INFO = NO;
				MTL_FAST_MATH = YES;
				SDKROOT = iphoneos;
				SWIFT_COMPILATION_MODE = wholemodule;
				SWIFT_OPTIMIZATION_LEVEL = "-O";
				VALIDATE_PRODUCT = YES;
			};
			name = Release;
		};
		F5587D3822502B12004223E5 /* Debug */ = {
			isa = XCBuildConfiguration;
			baseConfigurationReference = 93E0189BE68B730696599716 /* Pods-MinervaExample.debug.xcconfig */;
			buildSettings = {
				ASSETCATALOG_COMPILER_APPICON_NAME = AppIcon;
				CODE_SIGN_ENTITLEMENTS = MinervaExample/Resources/MinervaExample.entitlements;
				CODE_SIGN_STYLE = Automatic;
				DERIVE_MACCATALYST_PRODUCT_BUNDLE_IDENTIFIER = YES;
				DEVELOPMENT_TEAM = 4VDN74SBH7;
				INFOPLIST_FILE = MinervaExample/Resources/Info.plist;
				IPHONEOS_DEPLOYMENT_TARGET = 13.0;
				LD_RUNPATH_SEARCH_PATHS = (
					"$(inherited)",
					"@executable_path/Frameworks",
				);
				PRODUCT_BUNDLE_IDENTIFIER = fitness.optimize.MinervaExample;
				PRODUCT_NAME = "$(TARGET_NAME)";
				SUPPORTS_MACCATALYST = YES;
				SWIFT_VERSION = 5.0;
				TARGETED_DEVICE_FAMILY = "1,2";
			};
			name = Debug;
		};
		F5587D3922502B12004223E5 /* Release */ = {
			isa = XCBuildConfiguration;
			baseConfigurationReference = 8DE86EE781C6ABD14C6802AB /* Pods-MinervaExample.release.xcconfig */;
			buildSettings = {
				ASSETCATALOG_COMPILER_APPICON_NAME = AppIcon;
				CODE_SIGN_ENTITLEMENTS = MinervaExample/Resources/MinervaExample.entitlements;
				CODE_SIGN_STYLE = Automatic;
				DERIVE_MACCATALYST_PRODUCT_BUNDLE_IDENTIFIER = YES;
				DEVELOPMENT_TEAM = 4VDN74SBH7;
				INFOPLIST_FILE = MinervaExample/Resources/Info.plist;
				IPHONEOS_DEPLOYMENT_TARGET = 13.0;
				LD_RUNPATH_SEARCH_PATHS = (
					"$(inherited)",
					"@executable_path/Frameworks",
				);
				PRODUCT_BUNDLE_IDENTIFIER = fitness.optimize.MinervaExample;
				PRODUCT_NAME = "$(TARGET_NAME)";
				SUPPORTS_MACCATALYST = YES;
				SWIFT_VERSION = 5.0;
				TARGETED_DEVICE_FAMILY = "1,2";
			};
			name = Release;
		};
/* End XCBuildConfiguration section */

/* Begin XCConfigurationList section */
		F53A9F8A239E874D0004C462 /* Build configuration list for PBXNativeTarget "MinervaCatalog" */ = {
			isa = XCConfigurationList;
			buildConfigurations = (
				F53A9F88239E874D0004C462 /* Debug */,
				F53A9F89239E874D0004C462 /* Release */,
			);
			defaultConfigurationIsVisible = 0;
			defaultConfigurationName = Release;
		};
		F5587D0A22502B10004223E5 /* Build configuration list for PBXProject "Minerva" */ = {
			isa = XCConfigurationList;
			buildConfigurations = (
				F5587D3522502B12004223E5 /* Debug */,
				F5587D3622502B12004223E5 /* Release */,
			);
			defaultConfigurationIsVisible = 0;
			defaultConfigurationName = Release;
		};
		F5587D3722502B12004223E5 /* Build configuration list for PBXNativeTarget "MinervaExample" */ = {
			isa = XCConfigurationList;
			buildConfigurations = (
				F5587D3822502B12004223E5 /* Debug */,
				F5587D3922502B12004223E5 /* Release */,
			);
			defaultConfigurationIsVisible = 0;
			defaultConfigurationName = Release;
		};
/* End XCConfigurationList section */
	};
	rootObject = F5587D0722502B10004223E5 /* Project object */;
}
